
Microsoft Visual Studio Solution File, Format Version 12.00
# Visual Studio 15
VisualStudioVersion = 15.0.27428.1
MinimumVisualStudioVersion = 10.0.40219.1
Project("{FAE04EC0-301F-11D3-BF4B-00C04F79EFBC}") = "SAP BO 4.2 Web API client", "SAP BO 4.2 Web API client\SAP BO 4.2 Web API client.csproj", "{0917813B-A1BA-41E4-9A88-F2D2AEF54629}"
EndProject
Global
	GlobalSection(SolutionConfigurationPlatforms) = preSolution
		Debug|Any CPU = Debug|Any CPU
		Debug|x86 = Debug|x86
		Release|Any CPU = Release|Any CPU
		Release|x86 = Release|x86
	EndGlobalSection
	GlobalSection(ProjectConfigurationPlatforms) = postSolution
		{0917813B-A1BA-41E4-9A88-F2D2AEF54629}.Debug|Any CPU.ActiveCfg = Debug|Any CPU
		{0917813B-A1BA-41E4-9A88-F2D2AEF54629}.Debug|Any CPU.Build.0 = Debug|Any CPU
		{0917813B-A1BA-41E4-9A88-F2D2AEF54629}.Debug|x86.ActiveCfg = Debug|Any CPU
		{0917813B-A1BA-41E4-9A88-F2D2AEF54629}.Debug|x86.Build.0 = Debug|Any CPU
		{0917813B-A1BA-41E4-9A88-F2D2AEF54629}.Release|Any CPU.ActiveCfg = Release|Any CPU
		{0917813B-A1BA-41E4-9A88-F2D2AEF54629}.Release|Any CPU.Build.0 = Release|Any CPU
		{0917813B-A1BA-41E4-9A88-F2D2AEF54629}.Release|x86.ActiveCfg = Release|x86
		{0917813B-A1BA-41E4-9A88-F2D2AEF54629}.Release|x86.Build.0 = Release|x86
	EndGlobalSection
	GlobalSection(SolutionProperties) = preSolution
		HideSolutionNode = FALSE
	EndGlobalSection
	GlobalSection(ExtensibilityGlobals) = postSolution
		SolutionGuid = {17D3D245-D2FA-40FE-B8C5-F6A90812BEFC}
	EndGlobalSection
EndGlobal
